
Microsoft Visual Studio Solution File, Format Version 12.00
# Visual Studio 15
VisualStudioVersion = 15.0.28010.2048
MinimumVisualStudioVersion = 10.0.40219.1
Project("{00D1A9C2-B5F0-4AF3-8072-F6C62B433612}") = "SQLTest", "SQLTest.sqlproj", "{09965DBB-4F2D-4534-9E7E-70EA21AA970A}"
EndProject
Global
	GlobalSection(SolutionConfigurationPlatforms) = preSolution
		Debug|Any CPU = Debug|Any CPU
		Release|Any CPU = Release|Any CPU
	EndGlobalSection
	GlobalSection(ProjectConfigurationPlatforms) = postSolution
		{09965DBB-4F2D-4534-9E7E-70EA21AA970A}.Debug|Any CPU.ActiveCfg = Debug|Any CPU
		{09965DBB-4F2D-4534-9E7E-70EA21AA970A}.Debug|Any CPU.Build.0 = Debug|Any CPU
		{09965DBB-4F2D-4534-9E7E-70EA21AA970A}.Debug|Any CPU.Deploy.0 = Debug|Any CPU
		{09965DBB-4F2D-4534-9E7E-70EA21AA970A}.Release|Any CPU.ActiveCfg = Release|Any CPU
		{09965DBB-4F2D-4534-9E7E-70EA21AA970A}.Release|Any CPU.Build.0 = Release|Any CPU
		{09965DBB-4F2D-4534-9E7E-70EA21AA970A}.Release|Any CPU.Deploy.0 = Release|Any CPU
	EndGlobalSection
	GlobalSection(SolutionProperties) = preSolution
		HideSolutionNode = FALSE
	EndGlobalSection
	GlobalSection(ExtensibilityGlobals) = postSolution
		SolutionGuid = {E53F7400-BAE4-4F47-ACB6-F712B1BFE7C8}
	EndGlobalSection
EndGlobal
